Microsoft Visual Studio Solution File, Format Version 12.00
# Visual Studio Version 17
VisualStudioVersion = 17.5.2.0
MinimumVisualStudioVersion = 10.0.40219.1
Project("{FAE04EC0-301F-11D3-BF4B-00C04F79EFBC}") = "PametnaBiblioteka", "PametnaBiblioteka.csproj", "{9DDC2044-2859-8043-3013-8C0A347C0B25}"
EndProject
Global
	GlobalSection(SolutionConfigurationPlatforms) = preSolution
		Debug|Any CPU = Debug|Any CPU
		Release|Any CPU = Release|Any CPU
	EndGlobalSection
	GlobalSection(ProjectConfigurationPlatforms) = postSolution
		{9DDC2044-2859-8043-3013-8C0A347C0B25}.Debug|Any CPU.ActiveCfg = Debug|Any CPU
		{9DDC2044-2859-8043-3013-8C0A347C0B25}.Debug|Any CPU.Build.0 = Debug|Any CPU
		{9DDC2044-2859-8043-3013-8C0A347C0B25}.Release|Any CPU.ActiveCfg = Release|Any CPU
		{9DDC2044-2859-8043-3013-8C0A347C0B25}.Release|Any CPU.Build.0 = Release|Any CPU
	EndGlobalSection
	GlobalSection(SolutionProperties) = preSolution
		HideSolutionNode = FALSE
	EndGlobalSection
	GlobalSection(ExtensibilityGlobals) = postSolution
		SolutionGuid = {4A68FD65-D7EC-49A3-9696-2534950A41FA}
	EndGlobalSection
EndGlobal
